# This file is automatically @generated by Poetry 2.2.1 and should not be changed by hand.

[[package]]
name = "natq"
version = "0.1.0"
description = "A language-agnostic distributed task queue framework built on NATS"
optional = false
python-versions = "^3.10"
groups = ["main"]
files = []
develop = true

[package.dependencies]
nats-py = "^2.9.0"
uuid-utils = "^0.14.0"

[package.source]
type = "directory"
url = "../../../natq-py"

[[package]]
name = "nats-py"
version = "2.12.0"
description = "NATS client for Python"
optional = false
python-versions = ">=3.7"
groups = ["main"]
files = [
    {file = "nats_py-2.12.0.tar.gz", hash = "sha256:2981ca4b63b8266c855573fa7871b1be741f1889fd429ee657e5ffc0971a38a1"},
]

[package.extras]
aiohttp = ["aiohttp"]
fast-parse = ["fast-mail-parser"]
nkeys = ["nkeys"]

[[package]]
name = "uuid-utils"
version = "0.14.0"
description = "Fast, drop-in replacement for Python's uuid module, powered by Rust."
optional = false
python-versions = ">=3.9"
groups = ["main"]
files = [
    {file = "uuid_utils-0.14.0-cp39-abi3-macosx_10_12_x86_64.macosx_11_0_arm64.macosx_10_12_universal2.whl", hash = "sha256:f6695c0bed8b18a904321e115afe73b34444bc8451d0ce3244a1ec3b84deb0e5"},
    {file = "uuid_utils-0.14.0-cp39-abi3-macosx_10_12_x86_64.whl", hash = "sha256:4f0a730bbf2d8bb2c11b93e1005e91769f2f533fa1125ed1f00fd15b6fcc732b"},
    {file = "uuid_utils-0.14.0-cp39-abi3-manylinux_2_17_aarch64.manylinux2014_aarch64.whl", hash = "sha256:40ce3fd1a4fdedae618fc3edc8faf91897012469169d600133470f49fd699ed3"},
    {file = "uuid_utils-0.14.0-cp39-abi3-manylinux_2_17_armv7l.manylinux2014_armv7l.whl", hash = "sha256:09ae4a98416a440e78f7d9543d11b11cae4bab538b7ed94ec5da5221481748f2"},
    {file = "uuid_utils-0.14.0-cp39-abi3-manylinux_2_17_ppc64le.manylinux2014_ppc64le.whl", hash = "sha256:971e8c26b90d8ae727e7f2ac3ee23e265971d448b3672882f2eb44828b2b8c3e"},
    {file = "uuid_utils-0.14.0-cp39-abi3-manylinux_2_17_x86_64.manylinux2014_x86_64.whl", hash = "sha256:d5cde1fa82804a8f9d2907b7aec2009d440062c63f04abbdb825fce717a5e860"},
    {file = "uuid_utils-0.14.0-cp39-abi3-manylinux_2_5_i686.manylinux1_i686.whl", hash = "sha256:c7343862a2359e0bd48a7f3dfb5105877a1728677818bb694d9f40703264a2db"},
    {file = "uuid_utils-0.14.0-cp39-abi3-musllinux_1_2_aarch64.whl", hash = "sha256:c51e4818fdb08ccec12dc7083a01f49507b4608770a0ab22368001685d59381b"},
    {file = "uuid_utils-0.14.0-cp39-abi3-musllinux_1_2_armv7l.whl", hash = "sha256:181bbcccb6f93d80a8504b5bd47b311a1c31395139596edbc47b154b0685b533"},
    {file = "uuid_utils-0.14.0-cp39-abi3-musllinux_1_2_i686.whl", hash = "sha256:5c8ae96101c3524ba8dbf762b6f05e9e9d896544786c503a727c5bf5cb9af1a7"},
    {file = "uuid_utils-0.14.0-cp39-abi3-musllinux_1_2_x86_64.whl", hash = "sha256:00ac3c6edfdaff7e1eed041f4800ae09a3361287be780d7610a90fdcde9befdc"},
    {file = "uuid_utils-0.14.0-cp39-abi3-win32.whl", hash = "sha256:ec2fd80adf8e0e6589d40699e6f6df94c93edcc16dd999be0438dd007c77b151"},
    {file = "uuid_utils-0.14.0-cp39-abi3-win_amd64.whl", hash = "sha256:efe881eb43a5504fad922644cb93d725fd8a6a6d949bd5a4b4b7d1a1587c7fd1"},
    {file = "uuid_utils-0.14.0-cp39-abi3-win_arm64.whl", hash = "sha256:32b372b8fd4ebd44d3a219e093fe981af4afdeda2994ee7db208ab065cfcd080"},
    {file = "uuid_utils-0.14.0-pp311-pypy311_pp73-macosx_10_12_x86_64.macosx_11_0_arm64.macosx_10_12_universal2.whl", hash = "sha256:762e8d67992ac4d2454e24a141a1c82142b5bde10409818c62adbe9924ebc86d"},
    {file = "uuid_utils-0.14.0-pp311-pypy311_pp73-macosx_10_12_x86_64.whl", hash = "sha256:40be5bf0b13aa849d9062abc86c198be6a25ff35316ce0b89fc25f3bac6d525e"},
    {file = "uuid_utils-0.14.0-pp311-pypy311_pp73-manylinux_2_17_aarch64.manylinux2014_aarch64.whl", hash = "sha256:191a90a6f3940d1b7322b6e6cceff4dd533c943659e0a15f788674407856a515"},
    {file = "uuid_utils-0.14.0-pp311-pypy311_pp73-manylinux_2_17_armv7l.manylinux2014_armv7l.whl", hash = "sha256:4aa4525f4ad82f9d9c842f9a3703f1539c1808affbaec07bb1b842f6b8b96aa5"},
    {file = "uuid_utils-0.14.0-pp311-pypy311_pp73-manylinux_2_17_ppc64le.manylinux2014_ppc64le.whl", hash = "sha256:cdbd82ff20147461caefc375551595ecf77ebb384e46267f128aca45a0f2cdfc"},
    {file = "uuid_utils-0.14.0-pp311-pypy311_pp73-manylinux_2_17_x86_64.manylinux2014_x86_64.whl", hash = "sha256:eff57e8a5d540006ce73cf0841a643d445afe78ba12e75ac53a95ca2924a56be"},
    {file = "uuid_utils-0.14.0-pp311-pypy311_pp73-manylinux_2_5_i686.manylinux1_i686.whl", hash = "sha256:3fd9112ca96978361201e669729784f26c71fecc9c13a7f8a07162c31bd4d1e2"},
    {file = "uuid_utils-0.14.0.tar.gz", hash = "sha256:fc5bac21e9933ea6c590433c11aa54aaca599f690c08069e364eb13a12f670b4"},
]

[metadata]
lock-version = "2.1"
python-versions = "^3.10"
content-hash = "061cdb2c73c0f3bce217cd584464225b21f19bd40a2608f8b61c9609c38deba2"
